
Microsoft Visual Studio Solution File, Format Version 12.00
# Visual Studio Version 17
VisualStudioVersion = 17.3.32922.545
MinimumVisualStudioVersion = 10.0.40219.1
Project("{FAE04EC0-301F-11D3-BF4B-00C04F79EFBC}") = "BloodMoonShowdownMod", "BloodMoonShowdownMod\BloodMoonShowdownMod.csproj", "{F24DA7D3-B2F2-482C-AA39-C33DE20D93B3}"
EndProject
Global
	GlobalSection(SolutionConfigurationPlatforms) = preSolution
		Debug|Any CPU = Debug|Any CPU
		Release|Any CPU = Release|Any CPU
	EndGlobalSection
	GlobalSection(ProjectConfigurationPlatforms) = postSolution
		{F24DA7D3-B2F2-482C-AA39-C33DE20D93B3}.Debug|Any CPU.ActiveCfg = Debug|Any CPU
		{F24DA7D3-B2F2-482C-AA39-C33DE20D93B3}.Debug|Any CPU.Build.0 = Debug|Any CPU
		{F24DA7D3-B2F2-482C-AA39-C33DE20D93B3}.Release|Any CPU.ActiveCfg = Release|Any CPU
		{F24DA7D3-B2F2-482C-AA39-C33DE20D93B3}.Release|Any CPU.Build.0 = Release|Any CPU
	EndGlobalSection
	GlobalSection(SolutionProperties) = preSolution
		HideSolutionNode = FALSE
	EndGlobalSection
	GlobalSection(ExtensibilityGlobals) = postSolution
		SolutionGuid = {06D6C4EE-AAAC-4671-ACE4-310C8A9043E7}
	EndGlobalSection
EndGlobal
